# This file is automatically @generated by Cargo.
# It is not intended for manual editing.
version = 4

[[package]]
name = "lantern-cli"
version = "0.1.0"
dependencies = [
 "lantern-core",
 "lantern-storage",
]

[[package]]
name = "lantern-core"
version = "0.1.0"

[[package]]
name = "lantern-storage"
version = "0.1.0"
dependencies = [
 "lantern-core",
]
